{
  "name": "angular-electron",
  "version": "11.2.0",
  "lockfileVersion": 2,
  "requires": true,
  "packages": {
    "": {
      "name": "angular-electron",
      "version": "11.2.0",
      "dependencies": {
        "systeminformation": "^5.17.0"
      }
    },
    "node_modules/systeminformation": {
      "version": "5.17.0",
      "resolved": "https://registry.npmjs.org/systeminformation/-/systeminformation-5.17.0.tgz",
      "integrity": "sha512-8RtkT1V0lJjsXYjxE7q0o9YXyTa21gAW6jqhGOd7HdyWGjbkHhu23L0sMR/XuYxLoRxG55waWxDvABJOudw6bA==",
      "os": [
        "darwin",
        "linux",
        "win32",
        "freebsd",
        "openbsd",
        "netbsd",
        "sunos",
        "android"
      ],
      "bin": {
        "systeminformation": "lib/cli.js"
      },
      "engines": {
        "node": ">=8.0.0"
      },
      "funding": {
        "type": "Buy me a coffee",
        "url": "https://www.buymeacoffee.com/systeminfo"
      }
    }
  },
  "dependencies": {
    "systeminformation": {
      "version": "5.17.0",
      "resolved": "https://registry.npmjs.org/systeminformation/-/systeminformation-5.17.0.tgz",
      "integrity": "sha512-8RtkT1V0lJjsXYjxE7q0o9YXyTa21gAW6jqhGOd7HdyWGjbkHhu23L0sMR/XuYxLoRxG55waWxDvABJOudw6bA=="
    }
  }
}
